// !$*UTF8*$!
{
	archiveVersion = 1;
	classes = {
	};
	objectVersion = 50;
	objects = {

/* Begin PBXBuildFile section */
		2488823D214B1CFC00A530CD /* AppDelegate.swift in Sources */ = {isa = PBXBuildFile; fileRef = 2488823C214B1CFC00A530CD /* AppDelegate.swift */; };
		2488823F214B1CFC00A530CD /* ViewController.swift in Sources */ = {isa = PBXBuildFile; fileRef = 2488823E214B1CFC00A530CD /* ViewController.swift */; };
		24888242214B1CFC00A530CD /* Main.storyboard in Resources */ = {isa = PBXBuildFile; fileRef = 24888240214B1CFC00A530CD /* Main.storyboard */; };
		24888245214B1CFC00A530CD /* DivvyBikes.xcdatamodeld in Sources */ = {isa = PBXBuildFile; fileRef = 24888243214B1CFC00A530CD /* DivvyBikes.xcdatamodeld */; };
		24888247214B1CFE00A530CD /* Assets.xcassets in Resources */ = {isa = PBXBuildFile; fileRef = 24888246214B1CFE00A530CD /* Assets.xcassets */; };
		2488824A214B1CFE00A530CD /* LaunchScreen.storyboard in Resources */ = {isa = PBXBuildFile; fileRef = 24888248214B1CFE00A530CD /* LaunchScreen.storyboard */; };
/* End PBXBuildFile section */

/* Begin PBXFileReference section */
		24888239214B1CFC00A530CD /* DivvyBikes.app */ = {isa = PBXFileReference; explicitFileType = wrapper.application; includeInIndex = 0; path = DivvyBikes.app; sourceTree = BUILT_PRODUCTS_DIR; };
		2488823C214B1CFC00A530CD /* AppDelegate.swift */ = {isa = PBXFileReference; lastKnownFileType = sourcecode.swift; path = AppDelegate.swift; sourceTree = "<group>"; };
		2488823E214B1CFC00A530CD /* ViewController.swift */ = {isa = PBXFileReference; lastKnownFileType = sourcecode.swift; path = ViewController.swift; sourceTree = "<group>"; };
		24888241214B1CFC00A530CD /* Base */ = {isa = PBXFileReference; lastKnownFileType = file.storyboard; name = Base; path = Base.lproj/Main.storyboard; sourceTree = "<group>"; };
		24888244214B1CFC00A530CD /* DivvyBikes.xcdatamodel */ = {isa = PBXFileReference; lastKnownFileType = wrapper.xcdatamodel; path = DivvyBikes.xcdatamodel; sourceTree = "<group>"; };
		24888246214B1CFE00A530CD /* Assets.xcassets */ = {isa = PBXFileReference; lastKnownFileType = folder.assetcatalog; path = Assets.xcassets; sourceTree = "<group>"; };
		24888249214B1CFE00A530CD /* Base */ = {isa = PBXFileReference; lastKnownFileType = file.storyboard; name = Base; path = Base.lproj/LaunchScreen.storyboard; sourceTree = "<group>"; };
		2488824B214B1CFE00A530CD /* Info.plist */ = {isa = PBXFileReference; lastKnownFileType = text.plist.xml; path = Info.plist; sourceTree = "<group>"; };
/* End PBXFileReference section */

/* Begin PBXFrameworksBuildPhase section */
		24888236214B1CFC00A530CD /* Frameworks */ = {
			isa = PBXFrameworksBuildPhase;
			buildActionMask = 2147483647;
			files = (
			);
			runOnlyForDeploymentPostprocessing = 0;
		};
/* End PBXFrameworksBuildPhase section */

/* Begin PBXGroup section */
		24888230214B1CFC00A530CD = {
			isa = PBXGroup;
			children = (
				2488823B214B1CFC00A530CD /* DivvyBikes */,
				2488823A214B1CFC00A530CD /* Products */,
			);
			sourceTree = "<group>";
		};
		2488823A214B1CFC00A530CD /* Products */ = {
			isa = PBXGroup;
			children = (
				24888239214B1CFC00A530CD /* DivvyBikes.app */,
			);
			name = Products;
			sourceTree = "<group>";
		};
		2488823B214B1CFC00A530CD /* DivvyBikes */ = {
			isa = PBXGroup;
			children = (
				2488823C214B1CFC00A530CD /* AppDelegate.swift */,
				2488823E214B1CFC00A530CD /* ViewController.swift */,
				24888240214B1CFC00A530CD /* Main.storyboard */,
				24888246214B1CFE00A530CD /* Assets.xcassets */,
				24888248214B1CFE00A530CD /* LaunchScreen.storyboard */,
				2488824B214B1CFE00A530CD /* Info.plist */,
				24888243214B1CFC00A530CD /* DivvyBikes.xcdatamodeld */,
			);
			path = DivvyBikes;
			sourceTree = "<group>";
		};
/* End PBXGroup section */

/* Begin PBXNativeTarget section */
		24888238214B1CFC00A530CD /* DivvyBikes */ = {
			isa = PBXNativeTarget;
			buildConfigurationList = 2488824E214B1CFE00A530CD /* Build configuration list for PBXNativeTarget "DivvyBikes" */;
			buildPhases = (
				24888235214B1CFC00A530CD /* Sources */,
				24888236214B1CFC00A530CD /* Frameworks */,
				24888237214B1CFC00A530CD /* Resources */,
			);
			buildRules = (
			);
			dependencies = (
			);
			name = DivvyBikes;
			productName = DivvyBikes;
			productReference = 24888239214B1CFC00A530CD /* DivvyBikes.app */;
			productType = "com.apple.product-type.application";
		};
/* End PBXNativeTarget section */

/* Begin PBXProject section */
		24888231214B1CFC00A530CD /* Project object */ = {
			isa = PBXProject;
			attributes = {
				LastSwiftUpdateCheck = 1000;
				LastUpgradeCheck = 1000;
				ORGANIZATIONNAME = "Michael  Murphy";
				TargetAttributes = {
					24888238214B1CFC00A530CD = {
						CreatedOnToolsVersion = 10.0;
					};
				};
			};
			buildConfigurationList = 24888234214B1CFC00A530CD /* Build configuration list for PBXProject "DivvyBikes" */;
			compatibilityVersion = "Xcode 9.3";
			developmentRegion = en;
			hasScannedForEncodings = 0;
			knownRegions = (
				en,
				Base,
			);
			mainGroup = 24888230214B1CFC00A530CD;
			productRefGroup = 2488823A214B1CFC00A530CD /* Products */;
			projectDirPath = "";
			projectRoot = "";
			targets = (
				24888238214B1CFC00A530CD /* DivvyBikes */,
			);
		};
/* End PBXProject section */

/* Begin PBXResourcesBuildPhase section */
		24888237214B1CFC00A530CD /* Resources */ = {
			isa = PBXResourcesBuildPhase;
			buildActionMask = 2147483647;
			files = (
				2488824A214B1CFE00A530CD /* LaunchScreen.storyboard in Resources */,
				24888247214B1CFE00A530CD /* Assets.xcassets in Resources */,
				24888242214B1CFC00A530CD /* Main.storyboard in Resources */,
			);
			runOnlyForDeploymentPostprocessing = 0;
		};
/* End PBXResourcesBuildPhase section */

/* Begin PBXSourcesBuildPhase section */
		24888235214B1CFC00A530CD /* Sources */ = {
			isa = PBXSourcesBuildPhase;
			buildActionMask = 2147483647;
			files = (
				2488823F214B1CFC00A530CD /* ViewController.swift in Sources */,
				24888245214B1CFC00A530CD /* DivvyBikes.xcdatamodeld in Sources */,
				2488823D214B1CFC00A530CD /* AppDelegate.swift in Sources */,
			);
			runOnlyForDeploymentPostprocessing = 0;
		};
/* End PBXSourcesBuildPhase section */

/* Begin PBXVariantGroup section */
		24888240214B1CFC00A530CD /* Main.storyboard */ = {
			isa = PBXVariantGroup;
			children = (
				24888241214B1CFC00A530CD /* Base */,
			);
			name = Main.storyboard;
			sourceTree = "<group>";
		};
		24888248214B1CFE00A530CD /* LaunchScreen.storyboard */ = {
			isa = PBXVariantGroup;
			children = (
				24888249214B1CFE00A530CD /* Base */,
			);
			name = LaunchScreen.storyboard;
			sourceTree = "<group>";
		};
/* End PBXVariantGroup section */

/* Begin XCBuildConfiguration section */
		2488824C214B1CFE00A530CD /* Debug */ = {
			isa = XCBuildConfiguration;
			buildSettings = {
				ALWAYS_SEARCH_USER_PATHS = NO;
				CLANG_ANALYZER_NONNULL = YES;
				CLANG_ANALYZER_NUMBER_OBJECT_CONVERSION = YES_AGGRESSIVE;
				CLANG_CXX_LANGUAGE_STANDARD = "gnu++14";
				CLANG_CXX_LIBRARY = "libc++";
				CLANG_ENABLE_MODULES = YES;
				CLANG_ENABLE_OBJC_ARC = YES;
				CLANG_ENABLE_OBJC_WEAK = YES;
				CLANG_WARN_BLOCK_CAPTURE_AUTORELEASING = YES;
				CLANG_WARN_BOOL_CONVERSION = YES;
				CLANG_WARN_COMMA = YES;
				CLANG_WARN_CONSTANT_CONVERSION = YES;
				CLANG_WARN_DEPRECATED_OBJC_IMPLEMENTATIONS = YES;
				CLANG_WARN_DIRECT_OBJC_ISA_USAGE = YES_ERROR;
				CLANG_WARN_DOCUMENTATION_COMMENTS = YES;
				CLANG_WARN_EMPTY_BODY = YES;
				CLANG_WARN_ENUM_CONVERSION = YES;
				CLANG_WARN_INFINITE_RECURSION = YES;
				CLANG_WARN_INT_CONVERSION = YES;
				CLANG_WARN_NON_LITERAL_NULL_CONVERSION = YES;
				CLANG_WARN_OBJC_IMPLICIT_RETAIN_SELF = YES;
				CLANG_WARN_OBJC_LITERAL_CONVERSION = YES;
				CLANG_WARN_OBJC_ROOT_CLASS = YES_ERROR;
				CLANG_WARN_RANGE_LOOP_ANALYSIS = YES;
				CLANG_WARN_STRICT_PROTOTYPES = YES;
				CLANG_WARN_SUSPICIOUS_MOVE = YES;
				CLANG_WARN_UNGUARDED_AVAILABILITY = YES_AGGRESSIVE;
				CLANG_WARN_UNREACHABLE_CODE = YES;
				CLANG_WARN__DUPLICATE_METHOD_MATCH = YES;
				CODE_SIGN_IDENTITY = "iPhone Developer";
				COPY_PHASE_STRIP = NO;
				DEBUG_INFORMATION_FORMAT = dwarf;
				ENABLE_STRICT_OBJC_MSGSEND = YES;
				ENABLE_TESTABILITY = YES;
				GCC_C_LANGUAGE_STANDARD = gnu11;
				GCC_DYNAMIC_NO_PIC = NO;
				GCC_NO_COMMON_BLOCKS = YES;
				GCC_OPTIMIZATION_LEVEL = 0;
				GCC_PREPROCESSOR_DEFINITIONS = (
					"DEBUG=1",
					"$(inherited)",
				);
				GCC_WARN_64_TO_32_BIT_CONVERSION = YES;
				GCC_WARN_ABOUT_RETURN_TYPE = YES_ERROR;
				GCC_WARN_UNDECLARED_SELECTOR = YES;
				GCC_WARN_UNINITIALIZED_AUTOS = YES_AGGRESSIVE;
				GCC_WARN_UNUSED_FUNCTION = YES;
				GCC_WARN_UNUSED_VARIABLE = YES;
				IPHONEOS_DEPLOYMENT_TARGET = 12.0;
				MTL_ENABLE_DEBUG_INFO = INCLUDE_SOURCE;
				MTL_FAST_MATH = YES;
				ONLY_ACTIVE_ARCH = YES;
				SDKROOT = iphoneos;
				SWIFT_ACTIVE_COMPILATION_CONDITIONS = DEBUG;
				SWIFT_OPTIMIZATION_LEVEL = "-Onone";
			};
			name = Debug;
		};
		2488824D214B1CFE00A530CD /* Release */ = {
			isa = XCBuildConfiguration;
			buildSettings = {
				ALWAYS_SEARCH_USER_PATHS = NO;
				CLANG_ANALYZER_NONNULL = YES;
				CLANG_ANALYZER_NUMBER_OBJECT_CONVERSION = YES_AGGRESSIVE;
				CLANG_CXX_LANGUAGE_STANDARD = "gnu++14";
				CLANG_CXX_LIBRARY = "libc++";
				CLANG_ENABLE_MODULES = YES;
				CLANG_ENABLE_OBJC_ARC = YES;
				CLANG_ENABLE_OBJC_WEAK = YES;
				CLANG_WARN_BLOCK_CAPTURE_AUTORELEASING = YES;
				CLANG_WARN_BOOL_CONVERSION = YES;
				CLANG_WARN_COMMA = YES;
				CLANG_WARN_CONSTANT_CONVERSION = YES;
				CLANG_WARN_DEPRECATED_OBJC_IMPLEMENTATIONS = YES;
				CLANG_WARN_DIRECT_OBJC_ISA_USAGE = YES_ERROR;
				CLANG_WARN_DOCUMENTATION_COMMENTS = YES;
				CLANG_WARN_EMPTY_BODY = YES;
				CLANG_WARN_ENUM_CONVERSION = YES;
				CLANG_WARN_INFINITE_RECURSION = YES;
				CLANG_WARN_INT_CONVERSION = YES;
				CLANG_WARN_NON_LITERAL_NULL_CONVERSION = YES;
				CLANG_WARN_OBJC_IMPLICIT_RETAIN_SELF = YES;
				CLANG_WARN_OBJC_LITERAL_CONVERSION = YES;
				CLANG_WARN_OBJC_ROOT_CLASS = YES_ERROR;
				CLANG_WARN_RANGE_LOOP_ANALYSIS = YES;
				CLANG_WARN_STRICT_PROTOTYPES = YES;
				CLANG_WARN_SUSPICIOUS_MOVE = YES;
				CLANG_WARN_UNGUARDED_AVAILABILITY = YES_AGGRESSIVE;
				CLANG_WARN_UNREACHABLE_CODE = YES;
				CLANG_WARN__DUPLICATE_METHOD_MATCH = YES;
				CODE_SIGN_IDENTITY = "iPhone Developer";
				COPY_PHASE_STRIP = NO;
				DEBUG_INFORMATION_FORMAT = "dwarf-with-dsym";
				ENABLE_NS_ASSERTIONS = NO;
				ENABLE_STRICT_OBJC_MSGSEND = YES;
				GCC_C_LANGUAGE_STANDARD = gnu11;
				GCC_NO_COMMON_BLOCKS = YES;
				GCC_WARN_64_TO_32_BIT_CONVERSION = YES;
				GCC_WARN_ABOUT_RETURN_TYPE = YES_ERROR;
				GCC_WARN_UNDECLARED_SELECTOR = YES;
				GCC_WARN_UNINITIALIZED_AUTOS = YES_AGGRESSIVE;
				GCC_WARN_UNUSED_FUNCTION = YES;
				GCC_WARN_UNUSED_VARIABLE = YES;
				IPHONEOS_DEPLOYMENT_TARGET = 12.0;
				MTL_ENABLE_DEBUG_INFO = NO;
				MTL_FAST_MATH = YES;
				SDKROOT = iphoneos;
				SWIFT_COMPILATION_MODE = wholemodule;
				SWIFT_OPTIMIZATION_LEVEL = "-O";
				VALIDATE_PRODUCT = YES;
			};
			name = Release;
		};
		2488824F214B1CFE00A530CD /* Debug */ = {
			isa = XCBuildConfiguration;
			buildSettings = {
				ASSETCATALOG_COMPILER_APPICON_NAME = AppIcon;
				CODE_SIGN_STYLE = Automatic;
				DEVELOPMENT_TEAM = 63N3REBS57;
				INFOPLIST_FILE = DivvyBikes/Info.plist;
				LD_RUNPATH_SEARCH_PATHS = (
					"$(inherited)",
					"@executable_path/Frameworks",
				);
				PRODUCT_BUNDLE_IDENTIFIER = com.MichaelMurphy.DivvyBikes;
				PRODUCT_NAME = "$(TARGET_NAME)";
				SWIFT_VERSION = 4.2;
				TARGETED_DEVICE_FAMILY = "1,2";
			};
			name = Debug;
		};
		24888250214B1CFE00A530CD /* Release */ = {
			isa = XCBuildConfiguration;
			buildSettings = {
				ASSETCATALOG_COMPILER_APPICON_NAME = AppIcon;
				CODE_SIGN_STYLE = Automatic;
				DEVELOPMENT_TEAM = 63N3REBS57;
				INFOPLIST_FILE = DivvyBikes/Info.plist;
				LD_RUNPATH_SEARCH_PATHS = (
					"$(inherited)",
					"@executable_path/Frameworks",
				);
				PRODUCT_BUNDLE_IDENTIFIER = com.MichaelMurphy.DivvyBikes;
				PRODUCT_NAME = "$(TARGET_NAME)";
				SWIFT_VERSION = 4.2;
				TARGETED_DEVICE_FAMILY = "1,2";
			};
			name = Release;
		};
/* End XCBuildConfiguration section */

/* Begin XCConfigurationList section */
		24888234214B1CFC00A530CD /* Build configuration list for PBXProject "DivvyBikes" */ = {
			isa = XCConfigurationList;
			buildConfigurations = (
				2488824C214B1CFE00A530CD /* Debug */,
				2488824D214B1CFE00A530CD /* Release */,
			);
			defaultConfigurationIsVisible = 0;
			defaultConfigurationName = Release;
		};
		2488824E214B1CFE00A530CD /* Build configuration list for PBXNativeTarget "DivvyBikes" */ = {
			isa = XCConfigurationList;
			buildConfigurations = (
				2488824F214B1CFE00A530CD /* Debug */,
				24888250214B1CFE00A530CD /* Release */,
			);
			defaultConfigurationIsVisible = 0;
			defaultConfigurationName = Release;
		};
/* End XCConfigurationList section */

/* Begin XCVersionGroup section */
		24888243214B1CFC00A530CD /* DivvyBikes.xcdatamodeld */ = {
			isa = XCVersionGroup;
			children = (
				24888244214B1CFC00A530CD /* DivvyBikes.xcdatamodel */,
			);
			currentVersion = 24888244214B1CFC00A530CD /* DivvyBikes.xcdatamodel */;
			path = DivvyBikes.xcdatamodeld;
			sourceTree = "<group>";
			versionGroupType = wrapper.xcdatamodel;
		};
/* End XCVersionGroup section */
	};
	rootObject = 24888231214B1CFC00A530CD /* Project object */;
}
